<Solution>
  <Configurations>
    <Platform Name="Any CPU" />
    <Platform Name="x86" />
  </Configurations>
  <Project Path="SentimentService.Source/SentimentService.Source.csproj" Id="46fb173a-f1ef-4873-8c13-d04c4a80c2dc">
    <Platform Solution="*|x86" Project="x86" />
  </Project>
  <Project Path="SentimentService.Tests/SentimentService.Tests.csproj" Id="47dbd15d-9070-43c9-97c6-accc6cd825c5">
    <Platform Solution="*|x86" Project="x86" />
  </Project>
</Solution>
